
Microsoft Visual Studio Solution File, Format Version 12.00
# Visual Studio Version 17
VisualStudioVersion = 17.3.32901.215
MinimumVisualStudioVersion = 10.0.40219.1
Project("{FAE04EC0-301F-11D3-BF4B-00C04F79EFBC}") = "SampleService", "SampleService\SampleService.csproj", "{6775DB14-7CB0-46B0-9894-982AC3229DAE}"
EndProject
Global
	GlobalSection(SolutionConfigurationPlatforms) = preSolution
		Debug|Any CPU = Debug|Any CPU
		Release|Any CPU = Release|Any CPU
	EndGlobalSection
	GlobalSection(ProjectConfigurationPlatforms) = postSolution
		{6775DB14-7CB0-46B0-9894-982AC3229DAE}.Debug|Any CPU.ActiveCfg = Debug|Any CPU
		{6775DB14-7CB0-46B0-9894-982AC3229DAE}.Debug|Any CPU.Build.0 = Debug|Any CPU
		{6775DB14-7CB0-46B0-9894-982AC3229DAE}.Release|Any CPU.ActiveCfg = Release|Any CPU
		{6775DB14-7CB0-46B0-9894-982AC3229DAE}.Release|Any CPU.Build.0 = Release|Any CPU
	EndGlobalSection
	GlobalSection(SolutionProperties) = preSolution
		HideSolutionNode = FALSE
	EndGlobalSection
	GlobalSection(ExtensibilityGlobals) = postSolution
		SolutionGuid = {C9C93CAB-90C9-4AAC-9C73-EE8A1A2BE14E}
	EndGlobalSection
EndGlobal
